Microsoft Visual Studio Solution File, Format Version 12.00
# Visual Studio Version 17
VisualStudioVersion = 17.5.2.0
MinimumVisualStudioVersion = 10.0.40219.1
Project("{2150E333-8FDC-42A3-9474-1A3956D46DE8}") = "data", "data", "{015FE221-96B2-289B-A0E8-6E7354784A75}"
EndProject
Project("{FAE04EC0-301F-11D3-BF4B-00C04F79EFBC}") = "Content.Client", "data\Content.Client\Content.Client.csproj", "{EEBFC06D-D551-03F3-F133-6685AC6BD615}"
EndProject
Global
	GlobalSection(SolutionConfigurationPlatforms) = preSolution
		Debug|Any CPU = Debug|Any CPU
		Release|Any CPU = Release|Any CPU
	EndGlobalSection
	GlobalSection(ProjectConfigurationPlatforms) = postSolution
		{EEBFC06D-D551-03F3-F133-6685AC6BD615}.Debug|Any CPU.ActiveCfg = Debug|Any CPU
		{EEBFC06D-D551-03F3-F133-6685AC6BD615}.Debug|Any CPU.Build.0 = Debug|Any CPU
		{EEBFC06D-D551-03F3-F133-6685AC6BD615}.Release|Any CPU.ActiveCfg = Release|Any CPU
		{EEBFC06D-D551-03F3-F133-6685AC6BD615}.Release|Any CPU.Build.0 = Release|Any CPU
	EndGlobalSection
	GlobalSection(SolutionProperties) = preSolution
		HideSolutionNode = FALSE
	EndGlobalSection
	GlobalSection(NestedProjects) = preSolution
		{EEBFC06D-D551-03F3-F133-6685AC6BD615} = {015FE221-96B2-289B-A0E8-6E7354784A75}
	EndGlobalSection
	GlobalSection(ExtensibilityGlobals) = postSolution
		SolutionGuid = {9CC8E7CF-3653-4E1A-AEF0-31A38F3456B5}
	EndGlobalSection
EndGlobal
